
Microsoft Visual Studio Solution File, Format Version 12.00
# Visual Studio Version 17
VisualStudioVersion = 17.3.32929.385
MinimumVisualStudioVersion = 10.0.40219.1
Project("{9A19103F-16F7-4668-BE54-9A1E7A4F7556}") = "InitialConcepts", "InitialConcepts\InitialConcepts.csproj", "{05AD07BB-DF0B-42CB-8BD5-F792B572B514}"
EndProject
Project("{9A19103F-16F7-4668-BE54-9A1E7A4F7556}") = "Queries in LinQ", "Queries in LinQ\Queries in LinQ.csproj", "{D9635C21-231B-403B-AA3F-7D4A98D33111}"
EndProject
Project("{9A19103F-16F7-4668-BE54-9A1E7A4F7556}") = "LinQ practice", "LinQ practice\LinQ practice.csproj", "{93637093-643D-4F34-A4B6-4E7193116689}"
EndProject
Project("{9A19103F-16F7-4668-BE54-9A1E7A4F7556}") = "Class", "Class\Class.csproj", "{FDC4D3DC-0D05-4179-8C28-6598AA1B69C5}"
EndProject
Project("{9A19103F-16F7-4668-BE54-9A1E7A4F7556}") = "SubConsulta", "SubConsulta\SubConsulta.csproj", "{BF6C1DF9-F9DD-406E-9E66-E6066A1A0E42}"
EndProject
Project("{9A19103F-16F7-4668-BE54-9A1E7A4F7556}") = "Empleados", "Empleados\Empleados.csproj", "{D7E89CBA-B6DB-40E9-B85D-35F8A827F512}"
EndProject
Project("{9A19103F-16F7-4668-BE54-9A1E7A4F7556}") = "Ordenadores de Consulta", "Ordenadores de Consulta\Ordenadores de Consulta.csproj", "{A2E0CD59-FDF0-4C51-A8E3-8D80A55C5E27}"
EndProject
Project("{FAE04EC0-301F-11D3-BF4B-00C04F79EFBC}") = "Projection and Quantification Operators", "Projection and Quantification Operators\Projection and Quantification Operators.csproj", "{FA8A5C6D-3CD2-4A3D-8FAE-6148279F07E5}"
EndProject
Global
	GlobalSection(SolutionConfigurationPlatforms) = preSolution
		Debug|Any CPU = Debug|Any CPU
		Release|Any CPU = Release|Any CPU
	EndGlobalSection
	GlobalSection(ProjectConfigurationPlatforms) = postSolution
		{05AD07BB-DF0B-42CB-8BD5-F792B572B514}.Debug|Any CPU.ActiveCfg = Debug|Any CPU
		{05AD07BB-DF0B-42CB-8BD5-F792B572B514}.Debug|Any CPU.Build.0 = Debug|Any CPU
		{05AD07BB-DF0B-42CB-8BD5-F792B572B514}.Release|Any CPU.ActiveCfg = Release|Any CPU
		{05AD07BB-DF0B-42CB-8BD5-F792B572B514}.Release|Any CPU.Build.0 = Release|Any CPU
		{D9635C21-231B-403B-AA3F-7D4A98D33111}.Debug|Any CPU.ActiveCfg = Debug|Any CPU
		{D9635C21-231B-403B-AA3F-7D4A98D33111}.Debug|Any CPU.Build.0 = Debug|Any CPU
		{D9635C21-231B-403B-AA3F-7D4A98D33111}.Release|Any CPU.ActiveCfg = Release|Any CPU
		{D9635C21-231B-403B-AA3F-7D4A98D33111}.Release|Any CPU.Build.0 = Release|Any CPU
		{93637093-643D-4F34-A4B6-4E7193116689}.Debug|Any CPU.ActiveCfg = Debug|Any CPU
		{93637093-643D-4F34-A4B6-4E7193116689}.Debug|Any CPU.Build.0 = Debug|Any CPU
		{93637093-643D-4F34-A4B6-4E7193116689}.Release|Any CPU.ActiveCfg = Release|Any CPU
		{93637093-643D-4F34-A4B6-4E7193116689}.Release|Any CPU.Build.0 = Release|Any CPU
		{FDC4D3DC-0D05-4179-8C28-6598AA1B69C5}.Debug|Any CPU.ActiveCfg = Debug|Any CPU
		{FDC4D3DC-0D05-4179-8C28-6598AA1B69C5}.Debug|Any CPU.Build.0 = Debug|Any CPU
		{FDC4D3DC-0D05-4179-8C28-6598AA1B69C5}.Release|Any CPU.ActiveCfg = Release|Any CPU
		{FDC4D3DC-0D05-4179-8C28-6598AA1B69C5}.Release|Any CPU.Build.0 = Release|Any CPU
		{BF6C1DF9-F9DD-406E-9E66-E6066A1A0E42}.Debug|Any CPU.ActiveCfg = Debug|Any CPU
		{BF6C1DF9-F9DD-406E-9E66-E6066A1A0E42}.Debug|Any CPU.Build.0 = Debug|Any CPU
		{BF6C1DF9-F9DD-406E-9E66-E6066A1A0E42}.Release|Any CPU.ActiveCfg = Release|Any CPU
		{BF6C1DF9-F9DD-406E-9E66-E6066A1A0E42}.Release|Any CPU.Build.0 = Release|Any CPU
		{D7E89CBA-B6DB-40E9-B85D-35F8A827F512}.Debug|Any CPU.ActiveCfg = Debug|Any CPU
		{D7E89CBA-B6DB-40E9-B85D-35F8A827F512}.Debug|Any CPU.Build.0 = Debug|Any CPU
		{D7E89CBA-B6DB-40E9-B85D-35F8A827F512}.Release|Any CPU.ActiveCfg = Release|Any CPU
		{D7E89CBA-B6DB-40E9-B85D-35F8A827F512}.Release|Any CPU.Build.0 = Release|Any CPU
		{A2E0CD59-FDF0-4C51-A8E3-8D80A55C5E27}.Debug|Any CPU.ActiveCfg = Debug|Any CPU
		{A2E0CD59-FDF0-4C51-A8E3-8D80A55C5E27}.Debug|Any CPU.Build.0 = Debug|Any CPU
		{A2E0CD59-FDF0-4C51-A8E3-8D80A55C5E27}.Release|Any CPU.ActiveCfg = Release|Any CPU
		{A2E0CD59-FDF0-4C51-A8E3-8D80A55C5E27}.Release|Any CPU.Build.0 = Release|Any CPU
		{FA8A5C6D-3CD2-4A3D-8FAE-6148279F07E5}.Debug|Any CPU.ActiveCfg = Debug|Any CPU
		{FA8A5C6D-3CD2-4A3D-8FAE-6148279F07E5}.Debug|Any CPU.Build.0 = Debug|Any CPU
		{FA8A5C6D-3CD2-4A3D-8FAE-6148279F07E5}.Release|Any CPU.ActiveCfg = Release|Any CPU
		{FA8A5C6D-3CD2-4A3D-8FAE-6148279F07E5}.Release|Any CPU.Build.0 = Release|Any CPU
	EndGlobalSection
	GlobalSection(SolutionProperties) = preSolution
		HideSolutionNode = FALSE
	EndGlobalSection
	GlobalSection(ExtensibilityGlobals) = postSolution
		SolutionGuid = {A4F86B4B-776C-4726-B42C-E6BB20FF7BBF}
	EndGlobalSection
EndGlobal
